// !$*UTF8*$!
{
	archiveVersion = 1;
	classes = {
	};
	objectVersion = 46;
	objects = {

/* Begin PBXFileReference section */
		CA26345B1E4CF9C3005551AB /* COPYING */ = {isa = PBXFileReference; lastKnownFileType = text; path = COPYING; sourceTree = "<group>"; };
		CA5C3B911E4CE9B6005937FF /* changelog */ = {isa = PBXFileReference; lastKnownFileType = text; path = changelog; sourceTree = "<group>"; };
		CA5C3B921E4CE9B6005937FF /* compat */ = {isa = PBXFileReference; lastKnownFileType = text; path = compat; sourceTree = "<group>"; };
		CA5C3B931E4CE9B6005937FF /* control */ = {isa = PBXFileReference; lastKnownFileType = text; path = control; sourceTree = "<group>"; };
		CA5C3B941E4CE9B6005937FF /* copyright */ = {isa = PBXFileReference; lastKnownFileType = text; path = copyright; sourceTree = "<group>"; };
		CA5C3B951E4CE9B6005937FF /* dirs */ = {isa = PBXFileReference; lastKnownFileType = text; path = dirs; sourceTree = "<group>"; };
		CA5C3B961E4CE9B6005937FF /* install */ = {isa = PBXFileReference; lastKnownFileType = text; path = install; sourceTree = "<group>"; };
		CA5C3B971E4CE9B6005937FF /* README */ = {isa = PBXFileReference; lastKnownFileType = text; path = README; sourceTree = "<group>"; };
		CA5C3B981E4CE9B6005937FF /* rules */ = {isa = PBXFileReference; lastKnownFileType = text; path = rules; sourceTree = "<group>"; };
		CA5C3B9A1E4CE9B6005937FF /* format */ = {isa = PBXFileReference; lastKnownFileType = text; path = format; sourceTree = "<group>"; };
		CA5C3B9B1E4CE9B6005937FF /* debian.sh */ = {isa = PBXFileReference; lastKnownFileType = text.script.sh; path = debian.sh; sourceTree = "<group>"; };
		CA60E9DF1E51EAD5009A699D /* ubuntu.sh */ = {isa = PBXFileReference; lastKnownFileType = text.script.sh; path = ubuntu.sh; sourceTree = "<group>"; };
		CA7374761E55F91F0022AEDF /* installdata.sh */ = {isa = PBXFileReference; lastKnownFileType = text.script.sh; path = installdata.sh; sourceTree = "<group>"; };
		CA7C433F1B039EFC00FFADCC /* tarball.sh */ = {isa = PBXFileReference; lastKnownFileType = text.script.sh; path = tarball.sh; sourceTree = "<group>"; };
		CA80EC121B03C2A0000A2591 /* bibledit.1 */ = {isa = PBXFileReference; lastKnownFileType = text.man; path = bibledit.1; sourceTree = "<group>"; };
		CA80EC131B03C2EC000A2591 /* bibledit.cpp */ = {isa = PBXFileReference; indentWidth = 2; lastKnownFileType = sourcecode.cpp.cpp; path = bibledit.cpp; sourceTree = "<group>"; tabWidth = 2; };
		CA80EC141B03C31A000A2591 /* bibledit.desktop */ = {isa = PBXFileReference; lastKnownFileType = text; path = bibledit.desktop; sourceTree = "<group>"; };
		CA80EC151B03C355000A2591 /* bibledit.h */ = {isa = PBXFileReference; lastKnownFileType = sourcecode.c.h; path = bibledit.h; sourceTree = "<group>"; };
		CA80EC181B03C39C000A2591 /* README.md */ = {isa = PBXFileReference; lastKnownFileType = net.daringfireball.markdown; path = README.md; sourceTree = "<group>"; };
		CA9347101E37637800DAFC39 /* Makefile.mk */ = {isa = PBXFileReference; lastKnownFileType = text; path = Makefile.mk; sourceTree = "<group>"; };
		CAB5BA781E44FA8300ACE7C2 /* bibledit.png */ = {isa = PBXFileReference; lastKnownFileType = image.png; path = bibledit.png; sourceTree = "<group>"; };
		CAB5BA791E44FA8300ACE7C2 /* bibledit.xpm */ = {isa = PBXFileReference; lastKnownFileType = text; path = bibledit.xpm; sourceTree = "<group>"; };
/* End PBXFileReference section */

/* Begin PBXGroup section */
		CA5C3B901E4CE9B6005937FF /* debian */ = {
			isa = PBXGroup;
			children = (
				CA5C3B911E4CE9B6005937FF /* changelog */,
				CA5C3B921E4CE9B6005937FF /* compat */,
				CA5C3B931E4CE9B6005937FF /* control */,
				CA5C3B941E4CE9B6005937FF /* copyright */,
				CA5C3B951E4CE9B6005937FF /* dirs */,
				CA5C3B961E4CE9B6005937FF /* install */,
				CA5C3B971E4CE9B6005937FF /* README */,
				CA5C3B981E4CE9B6005937FF /* rules */,
				CA5C3B991E4CE9B6005937FF /* source */,
			);
			path = debian;
			sourceTree = "<group>";
		};
		CA5C3B991E4CE9B6005937FF /* source */ = {
			isa = PBXGroup;
			children = (
				CA5C3B9A1E4CE9B6005937FF /* format */,
			);
			path = source;
			sourceTree = "<group>";
		};
		CA6867431B03997100DB9422 = {
			isa = PBXGroup;
			children = (
				CA80EC121B03C2A0000A2591 /* bibledit.1 */,
				CA80EC131B03C2EC000A2591 /* bibledit.cpp */,
				CA80EC141B03C31A000A2591 /* bibledit.desktop */,
				CA80EC151B03C355000A2591 /* bibledit.h */,
				CAB5BA781E44FA8300ACE7C2 /* bibledit.png */,
				CAB5BA791E44FA8300ACE7C2 /* bibledit.xpm */,
				CA26345B1E4CF9C3005551AB /* COPYING */,
				CA5C3B901E4CE9B6005937FF /* debian */,
				CA5C3B9B1E4CE9B6005937FF /* debian.sh */,
				CA7374761E55F91F0022AEDF /* installdata.sh */,
				CA9347101E37637800DAFC39 /* Makefile.mk */,
				CA80EC181B03C39C000A2591 /* README.md */,
				CA7C433F1B039EFC00FFADCC /* tarball.sh */,
				CA60E9DF1E51EAD5009A699D /* ubuntu.sh */,
			);
			sourceTree = "<group>";
		};
/* End PBXGroup section */

/* Begin PBXProject section */
		CA6867441B03997100DB9422 /* Project object */ = {
			isa = PBXProject;
			attributes = {
				LastUpgradeCheck = 0630;
			};
			buildConfigurationList = CA6867471B03997100DB9422 /* Build configuration list for PBXProject "linux" */;
			compatibilityVersion = "Xcode 3.2";
			developmentRegion = English;
			hasScannedForEncodings = 0;
			knownRegions = (
				en,
			);
			mainGroup = CA6867431B03997100DB9422;
			projectDirPath = "";
			projectRoot = "";
			targets = (
			);
		};
/* End PBXProject section */

/* Begin XCBuildConfiguration section */
		CA6867481B03997100DB9422 /* Debug */ = {
			isa = XCBuildConfiguration;
			buildSettings = {
			};
			name = Debug;
		};
		CA6867491B03997100DB9422 /* Release */ = {
			isa = XCBuildConfiguration;
			buildSettings = {
			};
			name = Release;
		};
/* End XCBuildConfiguration section */

/* Begin XCConfigurationList section */
		CA6867471B03997100DB9422 /* Build configuration list for PBXProject "linux" */ = {
			isa = XCConfigurationList;
			buildConfigurations = (
				CA6867481B03997100DB9422 /* Debug */,
				CA6867491B03997100DB9422 /* Release */,
			);
			defaultConfigurationIsVisible = 0;
			defaultConfigurationName = Release;
		};
/* End XCConfigurationList section */
	};
	rootObject = CA6867441B03997100DB9422 /* Project object */;
}
