// !$*UTF8*$!
{
	archiveVersion = 1;
	classes = {
	};
	objectVersion = 46;
	objects = {

/* Begin PBXFileReference section */
		CA26345B1E4CF9C3005551AB /* COPYING */ = {isa = PBXFileReference; lastKnownFileType = text; path = COPYING; sourceTree = "<group>"; };
		CA27A5562012151E00131AA0 /* bbe48x48.xpm */ = {isa = PBXFileReference; lastKnownFileType = text; path = bbe48x48.xpm; sourceTree = "<group>"; };
		CA27A5572012154600131AA0 /* tarball.sh */ = {isa = PBXFileReference; lastKnownFileType = text.script.sh; path = tarball.sh; sourceTree = "<group>"; };
		CA4B84431FEEB85C00E35EFA /* bbe512x512.png */ = {isa = PBXFileReference; lastKnownFileType = image.png; path = bbe512x512.png; sourceTree = "<group>"; };
		CA80EC131B03C2EC000A2591 /* bibledit.cpp */ = {isa = PBXFileReference; indentWidth = 2; lastKnownFileType = sourcecode.cpp.cpp; lineEnding = 0; path = bibledit.cpp; sourceTree = "<group>"; tabWidth = 2; xcLanguageSpecificationIdentifier = xcode.lang.cpp; };
		CA80EC141B03C31A000A2591 /* bibledit.desktop */ = {isa = PBXFileReference; lastKnownFileType = text; path = bibledit.desktop; sourceTree = "<group>"; };
		CA80EC151B03C355000A2591 /* bibledit.h */ = {isa = PBXFileReference; lastKnownFileType = sourcecode.c.h; lineEnding = 0; path = bibledit.h; sourceTree = "<group>"; xcLanguageSpecificationIdentifier = xcode.lang.objcpp; };
		CA80EC181B03C39C000A2591 /* README.md */ = {isa = PBXFileReference; lastKnownFileType = net.daringfireball.markdown; path = README.md; sourceTree = "<group>"; };
		CA9347101E37637800DAFC39 /* Makefile.mk */ = {isa = PBXFileReference; lastKnownFileType = text; path = Makefile.mk; sourceTree = "<group>"; };
		CAA54604249516C200227263 /* metainfo.xml */ = {isa = PBXFileReference; lastKnownFileType = text.xml; path = metainfo.xml; sourceTree = "<group>"; };
		CAA546052495302E00227263 /* screenshot-workspace.png */ = {isa = PBXFileReference; lastKnownFileType = image.png; path = "screenshot-workspace.png"; sourceTree = "<group>"; };
		CAA546062495302E00227263 /* screenshot-main.png */ = {isa = PBXFileReference; lastKnownFileType = image.png; path = "screenshot-main.png"; sourceTree = "<group>"; };
/* End PBXFileReference section */

/* Begin PBXGroup section */
		CA6867431B03997100DB9422 = {
			isa = PBXGroup;
			children = (
				CA27A5562012151E00131AA0 /* bbe48x48.xpm */,
				CA4B84431FEEB85C00E35EFA /* bbe512x512.png */,
				CA80EC131B03C2EC000A2591 /* bibledit.cpp */,
				CA80EC141B03C31A000A2591 /* bibledit.desktop */,
				CA80EC151B03C355000A2591 /* bibledit.h */,
				CA26345B1E4CF9C3005551AB /* COPYING */,
				CA9347101E37637800DAFC39 /* Makefile.mk */,
				CAA54604249516C200227263 /* metainfo.xml */,
				CA80EC181B03C39C000A2591 /* README.md */,
				CAA546062495302E00227263 /* screenshot-main.png */,
				CAA546052495302E00227263 /* screenshot-workspace.png */,
				CA27A5572012154600131AA0 /* tarball.sh */,
			);
			sourceTree = "<group>";
		};
/* End PBXGroup section */

/* Begin PBXProject section */
		CA6867441B03997100DB9422 /* Project object */ = {
			isa = PBXProject;
			attributes = {
				LastUpgradeCheck = 0630;
			};
			buildConfigurationList = CA6867471B03997100DB9422 /* Build configuration list for PBXProject "linux" */;
			compatibilityVersion = "Xcode 3.2";
			developmentRegion = English;
			hasScannedForEncodings = 0;
			knownRegions = (
				English,
				en,
			);
			mainGroup = CA6867431B03997100DB9422;
			projectDirPath = "";
			projectRoot = "";
			targets = (
			);
		};
/* End PBXProject section */

/* Begin XCBuildConfiguration section */
		CA6867481B03997100DB9422 /* Debug */ = {
			isa = XCBuildConfiguration;
			buildSettings = {
			};
			name = Debug;
		};
		CA6867491B03997100DB9422 /* Release */ = {
			isa = XCBuildConfiguration;
			buildSettings = {
			};
			name = Release;
		};
/* End XCBuildConfiguration section */

/* Begin XCConfigurationList section */
		CA6867471B03997100DB9422 /* Build configuration list for PBXProject "linux" */ = {
			isa = XCConfigurationList;
			buildConfigurations = (
				CA6867481B03997100DB9422 /* Debug */,
				CA6867491B03997100DB9422 /* Release */,
			);
			defaultConfigurationIsVisible = 0;
			defaultConfigurationName = Release;
		};
/* End XCConfigurationList section */
	};
	rootObject = CA6867441B03997100DB9422 /* Project object */;
}
